
Microsoft Visual Studio Solution File, Format Version 12.00
# Visual Studio Version 17
VisualStudioVersion = 17.0.31903.59
MinimumVisualStudioVersion = 10.0.40219.1
Project("{FAE04EC0-301F-11D3-BF4B-00C04F79EFBC}") = "Lista Level 3", "Lista Level 3\Lista Level 3.csproj", "{4A153E3B-AB4B-4F12-A395-F62BCFD5793F}"
EndProject
Global
	GlobalSection(SolutionConfigurationPlatforms) = preSolution
		Debug|Any CPU = Debug|Any CPU
		Release|Any CPU = Release|Any CPU
	EndGlobalSection
	GlobalSection(SolutionProperties) = preSolution
		HideSolutionNode = FALSE
	EndGlobalSection
	GlobalSection(ProjectConfigurationPlatforms) = postSolution
		{4A153E3B-AB4B-4F12-A395-F62BCFD5793F}.Debug|Any CPU.ActiveCfg = Debug|Any CPU
		{4A153E3B-AB4B-4F12-A395-F62BCFD5793F}.Debug|Any CPU.Build.0 = Debug|Any CPU
		{4A153E3B-AB4B-4F12-A395-F62BCFD5793F}.Release|Any CPU.ActiveCfg = Release|Any CPU
		{4A153E3B-AB4B-4F12-A395-F62BCFD5793F}.Release|Any CPU.Build.0 = Release|Any CPU
	EndGlobalSection
EndGlobal
